{
  "name": "vound",
  "version": "0.1.0",
  "dependencies": {
    "ate": {
      "version": "0.3.0",
      "from": "ate@latest",
      "resolved": "https://registry.npmjs.org/ate/-/ate-0.3.0.tgz",
      "dependencies": {
        "falzy": {
          "version": "0.5.0",
          "from": "falzy@latest",
          "resolved": "https://registry.npmjs.org/falzy/-/falzy-0.5.0.tgz",
          "dependencies": {
            "protype": {
              "version": "0.4.0",
              "from": "protype@latest",
              "resolved": "https://registry.npmjs.org/protype/-/protype-0.4.0.tgz",
              "dependencies": {
                "cemento": {
                  "version": "0.3.0",
                  "from": "cemento@latest",
                  "resolved": "https://registry.npmjs.org/cemento/-/cemento-0.3.0.tgz",
                  "dependencies": {
                    "harden": {
                      "version": "0.7.0",
                      "from": "harden@latest",
                      "resolved": "https://registry.npmjs.org/harden/-/harden-0.7.0.tgz"
                    }
                  }
                },
                "harden": {
                  "version": "0.7.0",
                  "from": "harden@latest",
                  "resolved": "https://registry.npmjs.org/harden/-/harden-0.7.0.tgz"
                }
              }
            }
          }
        },
        "protype": {
          "version": "0.4.0",
          "from": "protype@latest",
          "resolved": "https://registry.npmjs.org/protype/-/protype-0.4.0.tgz",
          "dependencies": {
            "cemento": {
              "version": "0.3.0",
              "from": "cemento@latest",
              "resolved": "https://registry.npmjs.org/cemento/-/cemento-0.3.0.tgz",
              "dependencies": {
                "harden": {
                  "version": "0.7.0",
                  "from": "harden@latest",
                  "resolved": "https://registry.npmjs.org/harden/-/harden-0.7.0.tgz"
                }
              }
            },
            "harden": {
              "version": "0.7.0",
              "from": "harden@latest",
              "resolved": "https://registry.npmjs.org/harden/-/harden-0.7.0.tgz"
            }
          }
        },
        "zelf": {
          "version": "0.3.0",
          "from": "zelf@latest",
          "resolved": "https://registry.npmjs.org/zelf/-/zelf-0.3.0.tgz",
          "dependencies": {
            "asea": {
              "version": "0.4.0",
              "from": "asea@latest",
              "resolved": "https://registry.npmjs.org/asea/-/asea-0.4.0.tgz",
              "dependencies": {
                "harden": {
                  "version": "0.7.0",
                  "from": "harden@latest",
                  "resolved": "https://registry.npmjs.org/harden/-/harden-0.7.0.tgz"
                }
              }
            }
          }
        }
      }
    },
    "protype": {
      "version": "0.4.0",
      "from": "protype@latest",
      "resolved": "https://registry.npmjs.org/protype/-/protype-0.4.0.tgz",
      "dependencies": {
        "cemento": {
          "version": "0.3.0",
          "from": "cemento@latest",
          "resolved": "https://registry.npmjs.org/cemento/-/cemento-0.3.0.tgz",
          "dependencies": {
            "harden": {
              "version": "0.7.0",
              "from": "harden@latest",
              "resolved": "https://registry.npmjs.org/harden/-/harden-0.7.0.tgz"
            }
          }
        },
        "harden": {
          "version": "0.7.0",
          "from": "harden@latest",
          "resolved": "https://registry.npmjs.org/harden/-/harden-0.7.0.tgz"
        }
      }
    },
    "truly": {
      "version": "0.3.0",
      "from": "truly@latest",
      "resolved": "https://registry.npmjs.org/truly/-/truly-0.3.0.tgz",
      "dependencies": {
        "protype": {
          "version": "0.4.0",
          "from": "protype@latest",
          "resolved": "https://registry.npmjs.org/protype/-/protype-0.4.0.tgz",
          "dependencies": {
            "cemento": {
              "version": "0.3.0",
              "from": "cemento@latest",
              "resolved": "https://registry.npmjs.org/cemento/-/cemento-0.3.0.tgz",
              "dependencies": {
                "harden": {
                  "version": "0.7.0",
                  "from": "harden@latest",
                  "resolved": "https://registry.npmjs.org/harden/-/harden-0.7.0.tgz"
                }
              }
            },
            "harden": {
              "version": "0.7.0",
              "from": "harden@latest",
              "resolved": "https://registry.npmjs.org/harden/-/harden-0.7.0.tgz"
            }
          }
        }
      }
    },
    "zelf": {
      "version": "0.3.0",
      "from": "zelf@latest",
      "resolved": "https://registry.npmjs.org/zelf/-/zelf-0.3.0.tgz",
      "dependencies": {
        "asea": {
          "version": "0.4.0",
          "from": "asea@latest",
          "resolved": "https://registry.npmjs.org/asea/-/asea-0.4.0.tgz",
          "dependencies": {
            "harden": {
              "version": "0.7.0",
              "from": "harden@latest",
              "resolved": "https://registry.npmjs.org/harden/-/harden-0.7.0.tgz"
            }
          }
        }
      }
    }
  }
}
